schema: '2.0'
stages:
  NAtl_925hPa_1hrLocalIntp_tozarr:
    cmd: python src/load_traj.py
    deps:
    - path: data/incoming/NAtl_Trajectories_Mid_Start_925hPa_1hrLocalInterp
      hash: md5
      md5: 453adbe50e2d1e171370b6aa09b04386.dir
      size: 1519004724
      nfiles: 33
    - path: src/load_traj.py
      hash: md5
      md5: a250f84c63a06c2ffab982607f6034db
      size: 1697
    outs:
    - path: data/converted/trajectory.zarr
      hash: md5
      md5: 68a21375962340cd6e7abee8a56b777b.dir
      size: 654896235
      nfiles: 980
  NAtl_925hPa_1hrLocalIntp_upload:
    cmd: python src/upload_swift.py
    deps:
    - path: data/converted/trajectory.zarr
      hash: md5
      md5: 68a21375962340cd6e7abee8a56b777b.dir
      size: 654896235
      nfiles: 980
    - path: src/upload_swift.py
      hash: md5
      md5: baa7e06059e14d31eb648db7e62b32d8
      size: 778
